
Microsoft Visual Studio Solution File, Format Version 12.00
# Visual Studio Version 17
VisualStudioVersion = 17.5.33627.172
MinimumVisualStudioVersion = 10.0.40219.1
Project("{FAE04EC0-301F-11D3-BF4B-00C04F79EFBC}") = "HplusSport.API", "HplusSport.API\HplusSport.API.csproj", "{D44BA2BC-14C8-4102-AECE-2ABAFD9F9CB5}"
EndProject
Global
	GlobalSection(SolutionConfigurationPlatforms) = preSolution
		Debug|Any CPU = Debug|Any CPU
		Release|Any CPU = Release|Any CPU
	EndGlobalSection
	GlobalSection(ProjectConfigurationPlatforms) = postSolution
		{D44BA2BC-14C8-4102-AECE-2ABAFD9F9CB5}.Debug|Any CPU.ActiveCfg = Debug|Any CPU
		{D44BA2BC-14C8-4102-AECE-2ABAFD9F9CB5}.Debug|Any CPU.Build.0 = Debug|Any CPU
		{D44BA2BC-14C8-4102-AECE-2ABAFD9F9CB5}.Release|Any CPU.ActiveCfg = Release|Any CPU
		{D44BA2BC-14C8-4102-AECE-2ABAFD9F9CB5}.Release|Any CPU.Build.0 = Release|Any CPU
	EndGlobalSection
	GlobalSection(SolutionProperties) = preSolution
		HideSolutionNode = FALSE
	EndGlobalSection
	GlobalSection(ExtensibilityGlobals) = postSolution
		SolutionGuid = {E3B55495-42C9-445A-AFB0-14A538628DF5}
	EndGlobalSection
EndGlobal
